// !$*UTF8*$!
{
	archiveVersion = 1;
	classes = {
	};
	objectVersion = 48;
	objects = {

/* Begin PBXBuildFile section */
		841E65A41F52AB3C0054C4F3 /* AppDelegate.swift in Sources */ = {isa = PBXBuildFile; fileRef = 841E65A31F52AB3C0054C4F3 /* AppDelegate.swift */; };
		841E65A61F52AB3C0054C4F3 /* ViewController.swift in Sources */ = {isa = PBXBuildFile; fileRef = 841E65A51F52AB3C0054C4F3 /* ViewController.swift */; };
		841E65A91F52AB3C0054C4F3 /* Main.storyboard in Resources */ = {isa = PBXBuildFile; fileRef = 841E65A71F52AB3C0054C4F3 /* Main.storyboard */; };
		841E65AB1F52AB3C0054C4F3 /* Assets.xcassets in Resources */ = {isa = PBXBuildFile; fileRef = 841E65AA1F52AB3C0054C4F3 /* Assets.xcassets */; };
		841E65AE1F52AB3C0054C4F3 /* LaunchScreen.storyboard in Resources */ = {isa = PBXBuildFile; fileRef = 841E65AC1F52AB3C0054C4F3 /* LaunchScreen.storyboard */; };
		841E65B91F52AB3C0054C4F3 /* StargiaTests.swift in Sources */ = {isa = PBXBuildFile; fileRef = 841E65B81F52AB3C0054C4F3 /* StargiaTests.swift */; };
		841E65C71F52D3350054C4F3 /* bg_img.jpg in Resources */ = {isa = PBXBuildFile; fileRef = 841E65C61F52B72B0054C4F3 /* bg_img.jpg */; };
/* End PBXBuildFile section */

/* Begin PBXContainerItemProxy section */
		841E65B51F52AB3C0054C4F3 /* PBXContainerItemProxy */ = {
			isa = PBXContainerItemProxy;
			containerPortal = 841E65981F52AB3C0054C4F3 /* Project object */;
			proxyType = 1;
			remoteGlobalIDString = 841E659F1F52AB3C0054C4F3;
			remoteInfo = Stargia;
		};
/* End PBXContainerItemProxy section */

/* Begin PBXFileReference section */
		841E65A01F52AB3C0054C4F3 /* Stargia.app */ = {isa = PBXFileReference; explicitFileType = wrapper.application; includeInIndex = 0; path = Stargia.app; sourceTree = BUILT_PRODUCTS_DIR; };
		841E65A31F52AB3C0054C4F3 /* AppDelegate.swift */ = {isa = PBXFileReference; lastKnownFileType = sourcecode.swift; path = AppDelegate.swift; sourceTree = "<group>"; };
		841E65A51F52AB3C0054C4F3 /* ViewController.swift */ = {isa = PBXFileReference; lastKnownFileType = sourcecode.swift; path = ViewController.swift; sourceTree = "<group>"; };
		841E65A81F52AB3C0054C4F3 /* Base */ = {isa = PBXFileReference; lastKnownFileType = file.storyboard; name = Base; path = Base.lproj/Main.storyboard; sourceTree = "<group>"; };
		841E65AA1F52AB3C0054C4F3 /* Assets.xcassets */ = {isa = PBXFileReference; lastKnownFileType = folder.assetcatalog; path = Assets.xcassets; sourceTree = "<group>"; };
		841E65AD1F52AB3C0054C4F3 /* Base */ = {isa = PBXFileReference; lastKnownFileType = file.storyboard; name = Base; path = Base.lproj/LaunchScreen.storyboard; sourceTree = "<group>"; };
		841E65AF1F52AB3C0054C4F3 /* Info.plist */ = {isa = PBXFileReference; lastKnownFileType = text.plist.xml; path = Info.plist; sourceTree = "<group>"; };
		841E65B41F52AB3C0054C4F3 /* StargiaTests.xctest */ = {isa = PBXFileReference; explicitFileType = wrapper.cfbundle; includeInIndex = 0; path = StargiaTests.xctest; sourceTree = BUILT_PRODUCTS_DIR; };
		841E65B81F52AB3C0054C4F3 /* StargiaTests.swift */ = {isa = PBXFileReference; lastKnownFileType = sourcecode.swift; path = StargiaTests.swift; sourceTree = "<group>"; };
		841E65BA1F52AB3C0054C4F3 /* Info.plist */ = {isa = PBXFileReference; lastKnownFileType = text.plist.xml; path = Info.plist; sourceTree = "<group>"; };
		841E65C61F52B72B0054C4F3 /* bg_img.jpg */ = {isa = PBXFileReference; lastKnownFileType = image.jpeg; path = bg_img.jpg; sourceTree = "<group>"; };
/* End PBXFileReference section */

/* Begin PBXFrameworksBuildPhase section */
		841E659D1F52AB3C0054C4F3 /* Frameworks */ = {
			isa = PBXFrameworksBuildPhase;
			buildActionMask = 2147483647;
			files = (
			);
			runOnlyForDeploymentPostprocessing = 0;
		};
		841E65B11F52AB3C0054C4F3 /* Frameworks */ = {
			isa = PBXFrameworksBuildPhase;
			buildActionMask = 2147483647;
			files = (
			);
			runOnlyForDeploymentPostprocessing = 0;
		};
/* End PBXFrameworksBuildPhase section */

/* Begin PBXGroup section */
		841E65971F52AB3C0054C4F3 = {
			isa = PBXGroup;
			children = (
				841E65A21F52AB3C0054C4F3 /* Stargia */,
				841E65B71F52AB3C0054C4F3 /* StargiaTests */,
				841E65A11F52AB3C0054C4F3 /* Products */,
			);
			sourceTree = "<group>";
		};
		841E65A11F52AB3C0054C4F3 /* Products */ = {
			isa = PBXGroup;
			children = (
				841E65A01F52AB3C0054C4F3 /* Stargia.app */,
				841E65B41F52AB3C0054C4F3 /* StargiaTests.xctest */,
			);
			name = Products;
			sourceTree = "<group>";
		};
		841E65A21F52AB3C0054C4F3 /* Stargia */ = {
			isa = PBXGroup;
			children = (
				841E65C61F52B72B0054C4F3 /* bg_img.jpg */,
				841E65A31F52AB3C0054C4F3 /* AppDelegate.swift */,
				841E65A51F52AB3C0054C4F3 /* ViewController.swift */,
				841E65A71F52AB3C0054C4F3 /* Main.storyboard */,
				841E65AA1F52AB3C0054C4F3 /* Assets.xcassets */,
				841E65AC1F52AB3C0054C4F3 /* LaunchScreen.storyboard */,
				841E65AF1F52AB3C0054C4F3 /* Info.plist */,
			);
			path = Stargia;
			sourceTree = "<group>";
		};
		841E65B71F52AB3C0054C4F3 /* StargiaTests */ = {
			isa = PBXGroup;
			children = (
				841E65B81F52AB3C0054C4F3 /* StargiaTests.swift */,
				841E65BA1F52AB3C0054C4F3 /* Info.plist */,
			);
			path = StargiaTests;
			sourceTree = "<group>";
		};
/* End PBXGroup section */

/* Begin PBXNativeTarget section */
		841E659F1F52AB3C0054C4F3 /* Stargia */ = {
			isa = PBXNativeTarget;
			buildConfigurationList = 841E65BD1F52AB3C0054C4F3 /* Build configuration list for PBXNativeTarget "Stargia" */;
			buildPhases = (
				841E659C1F52AB3C0054C4F3 /* Sources */,
				841E659D1F52AB3C0054C4F3 /* Frameworks */,
				841E659E1F52AB3C0054C4F3 /* Resources */,
			);
			buildRules = (
			);
			dependencies = (
			);
			name = Stargia;
			productName = Stargia;
			productReference = 841E65A01F52AB3C0054C4F3 /* Stargia.app */;
			productType = "com.apple.product-type.application";
		};
		841E65B31F52AB3C0054C4F3 /* StargiaTests */ = {
			isa = PBXNativeTarget;
			buildConfigurationList = 841E65C01F52AB3C0054C4F3 /* Build configuration list for PBXNativeTarget "StargiaTests" */;
			buildPhases = (
				841E65B01F52AB3C0054C4F3 /* Sources */,
				841E65B11F52AB3C0054C4F3 /* Frameworks */,
				841E65B21F52AB3C0054C4F3 /* Resources */,
			);
			buildRules = (
			);
			dependencies = (
				841E65B61F52AB3C0054C4F3 /* PBXTargetDependency */,
			);
			name = StargiaTests;
			productName = StargiaTests;
			productReference = 841E65B41F52AB3C0054C4F3 /* StargiaTests.xctest */;
			productType = "com.apple.product-type.bundle.unit-test";
		};
/* End PBXNativeTarget section */

/* Begin PBXProject section */
		841E65981F52AB3C0054C4F3 /* Project object */ = {
			isa = PBXProject;
			attributes = {
				LastSwiftUpdateCheck = 0900;
				LastUpgradeCheck = 0900;
				ORGANIZATIONNAME = Stargia;
				TargetAttributes = {
					841E659F1F52AB3C0054C4F3 = {
						CreatedOnToolsVersion = 9.0;
						ProvisioningStyle = Automatic;
					};
					841E65B31F52AB3C0054C4F3 = {
						CreatedOnToolsVersion = 9.0;
						ProvisioningStyle = Automatic;
						TestTargetID = 841E659F1F52AB3C0054C4F3;
					};
				};
			};
			buildConfigurationList = 841E659B1F52AB3C0054C4F3 /* Build configuration list for PBXProject "Stargia" */;
			compatibilityVersion = "Xcode 8.0";
			developmentRegion = en;
			hasScannedForEncodings = 0;
			knownRegions = (
				en,
				Base,
			);
			mainGroup = 841E65971F52AB3C0054C4F3;
			productRefGroup = 841E65A11F52AB3C0054C4F3 /* Products */;
			projectDirPath = "";
			projectRoot = "";
			targets = (
				841E659F1F52AB3C0054C4F3 /* Stargia */,
				841E65B31F52AB3C0054C4F3 /* StargiaTests */,
			);
		};
/* End PBXProject section */

/* Begin PBXResourcesBuildPhase section */
		841E659E1F52AB3C0054C4F3 /* Resources */ = {
			isa = PBXResourcesBuildPhase;
			buildActionMask = 2147483647;
			files = (
				841E65AE1F52AB3C0054C4F3 /* LaunchScreen.storyboard in Resources */,
				841E65AB1F52AB3C0054C4F3 /* Assets.xcassets in Resources */,
				841E65C71F52D3350054C4F3 /* bg_img.jpg in Resources */,
				841E65A91F52AB3C0054C4F3 /* Main.storyboard in Resources */,
			);
			runOnlyForDeploymentPostprocessing = 0;
		};
		841E65B21F52AB3C0054C4F3 /* Resources */ = {
			isa = PBXResourcesBuildPhase;
			buildActionMask = 2147483647;
			files = (
			);
			runOnlyForDeploymentPostprocessing = 0;
		};
/* End PBXResourcesBuildPhase section */

/* Begin PBXSourcesBuildPhase section */
		841E659C1F52AB3C0054C4F3 /* Sources */ = {
			isa = PBXSourcesBuildPhase;
			buildActionMask = 2147483647;
			files = (
				841E65A61F52AB3C0054C4F3 /* ViewController.swift in Sources */,
				841E65A41F52AB3C0054C4F3 /* AppDelegate.swift in Sources */,
			);
			runOnlyForDeploymentPostprocessing = 0;
		};
		841E65B01F52AB3C0054C4F3 /* Sources */ = {
			isa = PBXSourcesBuildPhase;
			buildActionMask = 2147483647;
			files = (
				841E65B91F52AB3C0054C4F3 /* StargiaTests.swift in Sources */,
			);
			runOnlyForDeploymentPostprocessing = 0;
		};
/* End PBXSourcesBuildPhase section */

/* Begin PBXTargetDependency section */
		841E65B61F52AB3C0054C4F3 /* PBXTargetDependency */ = {
			isa = PBXTargetDependency;
			target = 841E659F1F52AB3C0054C4F3 /* Stargia */;
			targetProxy = 841E65B51F52AB3C0054C4F3 /* PBXContainerItemProxy */;
		};
/* End PBXTargetDependency section */

/* Begin PBXVariantGroup section */
		841E65A71F52AB3C0054C4F3 /* Main.storyboard */ = {
			isa = PBXVariantGroup;
			children = (
				841E65A81F52AB3C0054C4F3 /* Base */,
			);
			name = Main.storyboard;
			sourceTree = "<group>";
		};
		841E65AC1F52AB3C0054C4F3 /* LaunchScreen.storyboard */ = {
			isa = PBXVariantGroup;
			children = (
				841E65AD1F52AB3C0054C4F3 /* Base */,
			);
			name = LaunchScreen.storyboard;
			sourceTree = "<group>";
		};
/* End PBXVariantGroup section */

/* Begin XCBuildConfiguration section */
		841E65BB1F52AB3C0054C4F3 /* Debug */ = {
			isa = XCBuildConfiguration;
			buildSettings = {
				ALWAYS_SEARCH_USER_PATHS = NO;
				CLANG_ANALYZER_NONNULL = YES;
				CLANG_ANALYZER_NUMBER_OBJECT_CONVERSION = YES_AGGRESSIVE;
				CLANG_CXX_LANGUAGE_STANDARD = "gnu++14";
				CLANG_CXX_LIBRARY = "libc++";
				CLANG_ENABLE_MODULES = YES;
				CLANG_ENABLE_OBJC_ARC = YES;
				CLANG_WARN_BLOCK_CAPTURE_AUTORELEASING = YES;
				CLANG_WARN_BOOL_CONVERSION = YES;
				CLANG_WARN_COMMA = YES;
				CLANG_WARN_CONSTANT_CONVERSION = YES;
				CLANG_WARN_DIRECT_OBJC_ISA_USAGE = YES_ERROR;
				CLANG_WARN_DOCUMENTATION_COMMENTS = YES;
				CLANG_WARN_EMPTY_BODY = YES;
				CLANG_WARN_ENUM_CONVERSION = YES;
				CLANG_WARN_INFINITE_RECURSION = YES;
				CLANG_WARN_INT_CONVERSION = YES;
				CLANG_WARN_NON_LITERAL_NULL_CONVERSION = YES;
				CLANG_WARN_OBJC_LITERAL_CONVERSION = YES;
				CLANG_WARN_OBJC_ROOT_CLASS = YES_ERROR;
				CLANG_WARN_RANGE_LOOP_ANALYSIS = YES;
				CLANG_WARN_STRICT_PROTOTYPES = YES;
				CLANG_WARN_SUSPICIOUS_MOVE = YES;
				CLANG_WARN_UNGUARDED_AVAILABILITY = YES_AGGRESSIVE;
				CLANG_WARN_UNREACHABLE_CODE = YES;
				CLANG_WARN__DUPLICATE_METHOD_MATCH = YES;
				CODE_SIGN_IDENTITY = "iPhone Developer";
				COPY_PHASE_STRIP = NO;
				DEBUG_INFORMATION_FORMAT = dwarf;
				ENABLE_STRICT_OBJC_MSGSEND = YES;
				ENABLE_TESTABILITY = YES;
				GCC_C_LANGUAGE_STANDARD = gnu11;
				GCC_DYNAMIC_NO_PIC = NO;
				GCC_NO_COMMON_BLOCKS = YES;
				GCC_OPTIMIZATION_LEVEL = 0;
				GCC_PREPROCESSOR_DEFINITIONS = (
					"DEBUG=1",
					"$(inherited)",
				);
				GCC_WARN_64_TO_32_BIT_CONVERSION = YES;
				GCC_WARN_ABOUT_RETURN_TYPE = YES_ERROR;
				GCC_WARN_UNDECLARED_SELECTOR = YES;
				GCC_WARN_UNINITIALIZED_AUTOS = YES_AGGRESSIVE;
				GCC_WARN_UNUSED_FUNCTION = YES;
				GCC_WARN_UNUSED_VARIABLE = YES;
				IPHONEOS_DEPLOYMENT_TARGET = 11.0;
				MTL_ENABLE_DEBUG_INFO = YES;
				ONLY_ACTIVE_ARCH = YES;
				SDKROOT = iphoneos;
				SWIFT_ACTIVE_COMPILATION_CONDITIONS = DEBUG;
				SWIFT_OPTIMIZATION_LEVEL = "-Onone";
			};
			name = Debug;
		};
		841E65BC1F52AB3C0054C4F3 /* Release */ = {
			isa = XCBuildConfiguration;
			buildSettings = {
				ALWAYS_SEARCH_USER_PATHS = NO;
				CLANG_ANALYZER_NONNULL = YES;
				CLANG_ANALYZER_NUMBER_OBJECT_CONVERSION = YES_AGGRESSIVE;
				CLANG_CXX_LANGUAGE_STANDARD = "gnu++14";
				CLANG_CXX_LIBRARY = "libc++";
				CLANG_ENABLE_MODULES = YES;
				CLANG_ENABLE_OBJC_ARC = YES;
				CLANG_WARN_BLOCK_CAPTURE_AUTORELEASING = YES;
				CLANG_WARN_BOOL_CONVERSION = YES;
				CLANG_WARN_COMMA = YES;
				CLANG_WARN_CONSTANT_CONVERSION = YES;
				CLANG_WARN_DIRECT_OBJC_ISA_USAGE = YES_ERROR;
				CLANG_WARN_DOCUMENTATION_COMMENTS = YES;
				CLANG_WARN_EMPTY_BODY = YES;
				CLANG_WARN_ENUM_CONVERSION = YES;
				CLANG_WARN_INFINITE_RECURSION = YES;
				CLANG_WARN_INT_CONVERSION = YES;
				CLANG_WARN_NON_LITERAL_NULL_CONVERSION = YES;
				CLANG_WARN_OBJC_LITERAL_CONVERSION = YES;
				CLANG_WARN_OBJC_ROOT_CLASS = YES_ERROR;
				CLANG_WARN_RANGE_LOOP_ANALYSIS = YES;
				CLANG_WARN_STRICT_PROTOTYPES = YES;
				CLANG_WARN_SUSPICIOUS_MOVE = YES;
				CLANG_WARN_UNGUARDED_AVAILABILITY = YES_AGGRESSIVE;
				CLANG_WARN_UNREACHABLE_CODE = YES;
				CLANG_WARN__DUPLICATE_METHOD_MATCH = YES;
				CODE_SIGN_IDENTITY = "iPhone Developer";
				COPY_PHASE_STRIP = NO;
				DEBUG_INFORMATION_FORMAT = "dwarf-with-dsym";
				ENABLE_NS_ASSERTIONS = NO;
				ENABLE_STRICT_OBJC_MSGSEND = YES;
				GCC_C_LANGUAGE_STANDARD = gnu11;
				GCC_NO_COMMON_BLOCKS = YES;
				GCC_WARN_64_TO_32_BIT_CONVERSION = YES;
				GCC_WARN_ABOUT_RETURN_TYPE = YES_ERROR;
				GCC_WARN_UNDECLARED_SELECTOR = YES;
				GCC_WARN_UNINITIALIZED_AUTOS = YES_AGGRESSIVE;
				GCC_WARN_UNUSED_FUNCTION = YES;
				GCC_WARN_UNUSED_VARIABLE = YES;
				IPHONEOS_DEPLOYMENT_TARGET = 11.0;
				MTL_ENABLE_DEBUG_INFO = NO;
				SDKROOT = iphoneos;
				SWIFT_OPTIMIZATION_LEVEL = "-Owholemodule";
				VALIDATE_PRODUCT = YES;
			};
			name = Release;
		};
		841E65BE1F52AB3C0054C4F3 /* Debug */ = {
			isa = XCBuildConfiguration;
			buildSettings = {
				ASSETCATALOG_COMPILER_APPICON_NAME = AppIcon;
				CODE_SIGN_STYLE = Automatic;
				INFOPLIST_FILE = Stargia/Info.plist;
				IPHONEOS_DEPLOYMENT_TARGET = 11.0;
				LD_RUNPATH_SEARCH_PATHS = "$(inherited) @executable_path/Frameworks";
				PRODUCT_BUNDLE_IDENTIFIER = "stargia-login.Stargia";
				PRODUCT_NAME = "$(TARGET_NAME)";
				SWIFT_VERSION = 4.0;
				TARGETED_DEVICE_FAMILY = "1,2";
			};
			name = Debug;
		};
		841E65BF1F52AB3C0054C4F3 /* Release */ = {
			isa = XCBuildConfiguration;
			buildSettings = {
				ASSETCATALOG_COMPILER_APPICON_NAME = AppIcon;
				CODE_SIGN_STYLE = Automatic;
				INFOPLIST_FILE = Stargia/Info.plist;
				IPHONEOS_DEPLOYMENT_TARGET = 11.0;
				LD_RUNPATH_SEARCH_PATHS = "$(inherited) @executable_path/Frameworks";
				PRODUCT_BUNDLE_IDENTIFIER = "stargia-login.Stargia";
				PRODUCT_NAME = "$(TARGET_NAME)";
				SWIFT_VERSION = 4.0;
				TARGETED_DEVICE_FAMILY = "1,2";
			};
			name = Release;
		};
		841E65C11F52AB3C0054C4F3 /* Debug */ = {
			isa = XCBuildConfiguration;
			buildSettings = {
				ALWAYS_EMBED_SWIFT_STANDARD_LIBRARIES = YES;
				BUNDLE_LOADER = "$(TEST_HOST)";
				CODE_SIGN_STYLE = Automatic;
				INFOPLIST_FILE = StargiaTests/Info.plist;
				LD_RUNPATH_SEARCH_PATHS = "$(inherited) @executable_path/Frameworks @loader_path/Frameworks";
				PRODUCT_BUNDLE_IDENTIFIER = "stargia-login.StargiaTests";
				PRODUCT_NAME = "$(TARGET_NAME)";
				SWIFT_VERSION = 4.0;
				TARGETED_DEVICE_FAMILY = "1,2";
				TEST_HOST = "$(BUILT_PRODUCTS_DIR)/Stargia.app/Stargia";
			};
			name = Debug;
		};
		841E65C21F52AB3C0054C4F3 /* Release */ = {
			isa = XCBuildConfiguration;
			buildSettings = {
				ALWAYS_EMBED_SWIFT_STANDARD_LIBRARIES = YES;
				BUNDLE_LOADER = "$(TEST_HOST)";
				CODE_SIGN_STYLE = Automatic;
				INFOPLIST_FILE = StargiaTests/Info.plist;
				LD_RUNPATH_SEARCH_PATHS = "$(inherited) @executable_path/Frameworks @loader_path/Frameworks";
				PRODUCT_BUNDLE_IDENTIFIER = "stargia-login.StargiaTests";
				PRODUCT_NAME = "$(TARGET_NAME)";
				SWIFT_VERSION = 4.0;
				TARGETED_DEVICE_FAMILY = "1,2";
				TEST_HOST = "$(BUILT_PRODUCTS_DIR)/Stargia.app/Stargia";
			};
			name = Release;
		};
/* End XCBuildConfiguration section */

/* Begin XCConfigurationList section */
		841E659B1F52AB3C0054C4F3 /* Build configuration list for PBXProject "Stargia" */ = {
			isa = XCConfigurationList;
			buildConfigurations = (
				841E65BB1F52AB3C0054C4F3 /* Debug */,
				841E65BC1F52AB3C0054C4F3 /* Release */,
			);
			defaultConfigurationIsVisible = 0;
			defaultConfigurationName = Release;
		};
		841E65BD1F52AB3C0054C4F3 /* Build configuration list for PBXNativeTarget "Stargia" */ = {
			isa = XCConfigurationList;
			buildConfigurations = (
				841E65BE1F52AB3C0054C4F3 /* Debug */,
				841E65BF1F52AB3C0054C4F3 /* Release */,
			);
			defaultConfigurationIsVisible = 0;
			defaultConfigurationName = Release;
		};
		841E65C01F52AB3C0054C4F3 /* Build configuration list for PBXNativeTarget "StargiaTests" */ = {
			isa = XCConfigurationList;
			buildConfigurations = (
				841E65C11F52AB3C0054C4F3 /* Debug */,
				841E65C21F52AB3C0054C4F3 /* Release */,
			);
			defaultConfigurationIsVisible = 0;
			defaultConfigurationName = Release;
		};
/* End XCConfigurationList section */
	};
	rootObject = 841E65981F52AB3C0054C4F3 /* Project object */;
}
